
Microsoft Visual Studio Solution File, Format Version 12.00
# Visual Studio Version 17
VisualStudioVersion = 17.0.31903.59
MinimumVisualStudioVersion = 10.0.40219.1
Project("{2150E333-8FDC-42A3-9474-1A3956D46DE8}") = "src", "src", "{7952065E-C0F5-412D-BAEC-6B481458A665}"
EndProject
Project("{9A19103F-16F7-4668-BE54-9A1E7A4F7556}") = "AcctMgt.Api", "src\AcctMgt.Api\AcctMgt.Api\AcctMgt.Api.csproj", "{1AA2E9C3-D413-4D40-8D75-C6064048DC3F}"
EndProject
Project("{FAE04EC0-301F-11D3-BF4B-00C04F79EFBC}") = "IdentitySrvr", "src\IdentitySrvr\IdentitySrvr.csproj", "{31434CB5-BC01-46AF-8869-54419CACFE5A}"
EndProject
Global
	GlobalSection(SolutionConfigurationPlatforms) = preSolution
		Debug|Any CPU = Debug|Any CPU
		Release|Any CPU = Release|Any CPU
	EndGlobalSection
	GlobalSection(ProjectConfigurationPlatforms) = postSolution
		{1AA2E9C3-D413-4D40-8D75-C6064048DC3F}.Debug|Any CPU.ActiveCfg = Debug|Any CPU
		{1AA2E9C3-D413-4D40-8D75-C6064048DC3F}.Debug|Any CPU.Build.0 = Debug|Any CPU
		{1AA2E9C3-D413-4D40-8D75-C6064048DC3F}.Release|Any CPU.ActiveCfg = Release|Any CPU
		{1AA2E9C3-D413-4D40-8D75-C6064048DC3F}.Release|Any CPU.Build.0 = Release|Any CPU
		{31434CB5-BC01-46AF-8869-54419CACFE5A}.Debug|Any CPU.ActiveCfg = Debug|Any CPU
		{31434CB5-BC01-46AF-8869-54419CACFE5A}.Debug|Any CPU.Build.0 = Debug|Any CPU
		{31434CB5-BC01-46AF-8869-54419CACFE5A}.Release|Any CPU.ActiveCfg = Release|Any CPU
		{31434CB5-BC01-46AF-8869-54419CACFE5A}.Release|Any CPU.Build.0 = Release|Any CPU
	EndGlobalSection
	GlobalSection(SolutionProperties) = preSolution
		HideSolutionNode = FALSE
	EndGlobalSection
	GlobalSection(NestedProjects) = preSolution
		{1AA2E9C3-D413-4D40-8D75-C6064048DC3F} = {7952065E-C0F5-412D-BAEC-6B481458A665}
		{31434CB5-BC01-46AF-8869-54419CACFE5A} = {7952065E-C0F5-412D-BAEC-6B481458A665}
	EndGlobalSection
	GlobalSection(ExtensibilityGlobals) = postSolution
		SolutionGuid = {CBBEC09A-51DC-49C5-90B8-71433F24F42F}
	EndGlobalSection
EndGlobal
